<?xml version="1.0" encoding="utf-8"?>
<Project ToolsVersion="4.0" xmlns="http://schemas.microsoft.com/developer/msbuild/2003">
  <ItemGroup>
    <Filter Include="include">
      <UniqueIdentifier>{7da47a09-76fe-42bf-b051-429d8cb50d91}</UniqueIdentifier>
    </Filter>
    <Filter Include="libiconv-1.16">
      <UniqueIdentifier>{ea5c62c9-5751-41a6-9491-60a9287b9188}</UniqueIdentifier>
    </Filter>
    <Filter Include="libiconv-1.16\lib">
      <UniqueIdentifier>{ab4db024-2dff-4d80-8f08-7c441f821273}</UniqueIdentifier>
    </Filter>
    <Filter Include="libiconv-1.16\libcharset">
      <UniqueIdentifier>{6227dc88-5e8e-4700-9fe1-10a898b5107e}</UniqueIdentifier>
    </Filter>
    <Filter Include="res">
      <UniqueIdentifier>{67DA6AB6-F800-4c08-8B7A-83BB121AAD01}</UniqueIdentifier>
      <Extensions>rc;ico;cur;bmp;dlg;rc2;rct;bin;rgs;gif;jpg;jpeg;jpe;resx;tiff;tif;png;wav;mfcribbon-ms</Extensions>
    </Filter>
    <Filter Include="libiconv-1.16\include">
      <UniqueIdentifier>{cddf6ef1-6edd-4397-9cb7-a65d29fa5d10}</UniqueIdentifier>
    </Filter>
    <Filter Include="libiconv-1.16\libcharset\include">
      <UniqueIdentifier>{9055e35b-e34a-4711-bd66-ddcbf6a8e26e}</UniqueIdentifier>
    </Filter>
  </ItemGroup>
  <ItemGroup>
    <None Include="README.md" />
    <None Include="LICENSE" />
    <None Include="libiconv-1.16\lib\translit.def">
      <Filter>libiconv-1.16\lib</Filter>
    </None>
    <None Include="libiconv-1.16\lib\aliases.gperf">
      <Filter>libiconv-1.16\lib</Filter>
    </None>
    <None Include="libiconv-1.16\lib\aliases_sysaix.gperf">
      <Filter>libiconv-1.16\lib</Filter>
    </None>
    <None Include="libiconv-1.16\lib\aliases_syshpux.gperf">
      <Filter>libiconv-1.16\lib</Filter>
    </None>
    <None Include="libiconv-1.16\lib\aliases_sysosf1.gperf">
      <Filter>libiconv-1.16\lib</Filter>
    </None>
    <None Include="libiconv-1.16\lib\aliases_syssolaris.gperf">
      <Filter>libiconv-1.16\lib</Filter>
    </None>
    <None Include="libiconv-1.16\lib\encodings.def">
      <Filter>libiconv-1.16\lib</Filter>
    </None>
    <None Include="libiconv-1.16\lib\encodings_aix.def">
      <Filter>libiconv-1.16\lib</Filter>
    </None>
    <None Include="libiconv-1.16\lib\encodings_dos.def">
      <Filter>libiconv-1.16\lib</Filter>
    </None>
    <None Include="libiconv-1.16\lib\encodings_extra.def">
      <Filter>libiconv-1.16\lib</Filter>
    </None>
    <None Include="libiconv-1.16\lib\encodings_local.def">
      <Filter>libiconv-1.16\lib</Filter>
    </None>
    <None Include="libiconv-1.16\lib\encodings_osf1.def">
      <Filter>libiconv-1.16\lib</Filter>
    </None>
  </ItemGroup>
  <ItemGroup>
    <ClCompile Include="libiconv-1.16\lib\iconv.c">
      <Filter>libiconv-1.16\lib</Filter>
    </ClCompile>
    <ClCompile Include="libiconv-1.16\lib\relocatable.c">
      <Filter>libiconv-1.16\lib</Filter>
    </ClCompile>
    <ClCompile Include="libiconv-1.16\libcharset\lib\localcharset.c">
      <Filter>libiconv-1.16\libcharset</Filter>
    </ClCompile>
    <ClCompile Include="libiconv-1.16\libcharset\lib\relocatable-stub.c">
      <Filter>libiconv-1.16\libcharset</Filter>
    </ClCompile>
  </ItemGroup>
  <ItemGroup>
    <ClInclude Include="include\iconv.h">
      <Filter>include</Filter>
    </ClInclude>
    <ClInclude Include="libiconv-1.16\lib\shift_jisx0213.h">
      <Filter>libiconv-1.16\lib</Filter>
    </ClInclude>
    <ClInclude Include="libiconv-1.16\lib\sjis.h">
      <Filter>libiconv-1.16\lib</Filter>
    </ClInclude>
    <ClInclude Include="libiconv-1.16\lib\tcvn.h">
      <Filter>libiconv-1.16\lib</Filter>
    </ClInclude>
    <ClInclude Include="libiconv-1.16\lib\tds565.h">
      <Filter>libiconv-1.16\lib</Filter>
    </ClInclude>
    <ClInclude Include="libiconv-1.16\lib\tis620.h">
      <Filter>libiconv-1.16\lib</Filter>
    </ClInclude>
    <ClInclude Include="libiconv-1.16\lib\translit.h">
      <Filter>libiconv-1.16\lib</Filter>
    </ClInclude>
    <ClInclude Include="libiconv-1.16\lib\ucs2.h">
      <Filter>libiconv-1.16\lib</Filter>
    </ClInclude>
    <ClInclude Include="libiconv-1.16\lib\ucs2be.h">
      <Filter>libiconv-1.16\lib</Filter>
    </ClInclude>
    <ClInclude Include="libiconv-1.16\lib\ucs2internal.h">
      <Filter>libiconv-1.16\lib</Filter>
    </ClInclude>
    <ClInclude Include="libiconv-1.16\lib\ucs2le.h">
      <Filter>libiconv-1.16\lib</Filter>
    </ClInclude>
    <ClInclude Include="libiconv-1.16\lib\ucs2swapped.h">
      <Filter>libiconv-1.16\lib</Filter>
    </ClInclude>
    <ClInclude Include="libiconv-1.16\lib\ucs4.h">
      <Filter>libiconv-1.16\lib</Filter>
    </ClInclude>
    <ClInclude Include="libiconv-1.16\lib\ucs4be.h">
      <Filter>libiconv-1.16\lib</Filter>
    </ClInclude>
    <ClInclude Include="libiconv-1.16\lib\ucs4internal.h">
      <Filter>libiconv-1.16\lib</Filter>
    </ClInclude>
    <ClInclude Include="libiconv-1.16\lib\ucs4le.h">
      <Filter>libiconv-1.16\lib</Filter>
    </ClInclude>
    <ClInclude Include="libiconv-1.16\lib\ucs4swapped.h">
      <Filter>libiconv-1.16\lib</Filter>
    </ClInclude>
    <ClInclude Include="libiconv-1.16\lib\uhc_1.h">
      <Filter>libiconv-1.16\lib</Filter>
    </ClInclude>
    <ClInclude Include="libiconv-1.16\lib\uhc_2.h">
      <Filter>libiconv-1.16\lib</Filter>
    </ClInclude>
    <ClInclude Include="libiconv-1.16\lib\utf7.h">
      <Filter>libiconv-1.16\lib</Filter>
    </ClInclude>
    <ClInclude Include="libiconv-1.16\lib\utf8.h">
      <Filter>libiconv-1.16\lib</Filter>
    </ClInclude>
    <ClInclude Include="libiconv-1.16\lib\utf16.h">
      <Filter>libiconv-1.16\lib</Filter>
    </ClInclude>
    <ClInclude Include="libiconv-1.16\lib\utf16be.h">
      <Filter>libiconv-1.16\lib</Filter>
    </ClInclude>
    <ClInclude Include="libiconv-1.16\lib\utf16le.h">
      <Filter>libiconv-1.16\lib</Filter>
    </ClInclude>
    <ClInclude Include="libiconv-1.16\lib\utf32.h">
      <Filter>libiconv-1.16\lib</Filter>
    </ClInclude>
    <ClInclude Include="libiconv-1.16\lib\utf32be.h">
      <Filter>libiconv-1.16\lib</Filter>
    </ClInclude>
    <ClInclude Include="libiconv-1.16\lib\utf32le.h">
      <Filter>libiconv-1.16\lib</Filter>
    </ClInclude>
    <ClInclude Include="libiconv-1.16\lib\vietcomb.h">
      <Filter>libiconv-1.16\lib</Filter>
    </ClInclude>
    <ClInclude Include="libiconv-1.16\lib\viscii.h">
      <Filter>libiconv-1.16\lib</Filter>
    </ClInclude>
    <ClInclude Include="libiconv-1.16\lib\aliases.h">
      <Filter>libiconv-1.16\lib</Filter>
    </ClInclude>
    <ClInclude Include="libiconv-1.16\lib\aliases_aix.h">
      <Filter>libiconv-1.16\lib</Filter>
    </ClInclude>
    <ClInclude Include="libiconv-1.16\lib\aliases_aix_sysaix.h">
      <Filter>libiconv-1.16\lib</Filter>
    </ClInclude>
    <ClInclude Include="libiconv-1.16\lib\aliases_dos.h">
      <Filter>libiconv-1.16\lib</Filter>
    </ClInclude>
    <ClInclude Include="libiconv-1.16\lib\aliases_extra.h">
      <Filter>libiconv-1.16\lib</Filter>
    </ClInclude>
    <ClInclude Include="libiconv-1.16\lib\aliases_osf1.h">
      <Filter>libiconv-1.16\lib</Filter>
    </ClInclude>
    <ClInclude Include="libiconv-1.16\lib\aliases_osf1_sysosf1.h">
      <Filter>libiconv-1.16\lib</Filter>
    </ClInclude>
    <ClInclude Include="libiconv-1.16\lib\aliases_sysaix.h">
      <Filter>libiconv-1.16\lib</Filter>
    </ClInclude>
    <ClInclude Include="libiconv-1.16\lib\aliases_syshpux.h">
      <Filter>libiconv-1.16\lib</Filter>
    </ClInclude>
    <ClInclude Include="libiconv-1.16\lib\aliases_sysosf1.h">
      <Filter>libiconv-1.16\lib</Filter>
    </ClInclude>
    <ClInclude Include="libiconv-1.16\lib\aliases_syssolaris.h">
      <Filter>libiconv-1.16\lib</Filter>
    </ClInclude>
    <ClInclude Include="libiconv-1.16\lib\aliases2.h">
      <Filter>libiconv-1.16\lib</Filter>
    </ClInclude>
    <ClInclude Include="libiconv-1.16\lib\armscii_8.h">
      <Filter>libiconv-1.16\lib</Filter>
    </ClInclude>
    <ClInclude Include="libiconv-1.16\lib\ascii.h">
      <Filter>libiconv-1.16\lib</Filter>
    </ClInclude>
    <ClInclude Include="libiconv-1.16\lib\atarist.h">
      <Filter>libiconv-1.16\lib</Filter>
    </ClInclude>
    <ClInclude Include="libiconv-1.16\lib\big5.h">
      <Filter>libiconv-1.16\lib</Filter>
    </ClInclude>
    <ClInclude Include="libiconv-1.16\lib\big5_2003.h">
      <Filter>libiconv-1.16\lib</Filter>
    </ClInclude>
    <ClInclude Include="libiconv-1.16\lib\big5hkscs1999.h">
      <Filter>libiconv-1.16\lib</Filter>
    </ClInclude>
    <ClInclude Include="libiconv-1.16\lib\big5hkscs2001.h">
      <Filter>libiconv-1.16\lib</Filter>
    </ClInclude>
    <ClInclude Include="libiconv-1.16\lib\big5hkscs2004.h">
      <Filter>libiconv-1.16\lib</Filter>
    </ClInclude>
    <ClInclude Include="libiconv-1.16\lib\big5hkscs2008.h">
      <Filter>libiconv-1.16\lib</Filter>
    </ClInclude>
    <ClInclude Include="libiconv-1.16\lib\c99.h">
      <Filter>libiconv-1.16\lib</Filter>
    </ClInclude>
    <ClInclude Include="libiconv-1.16\lib\canonical.h">
      <Filter>libiconv-1.16\lib</Filter>
    </ClInclude>
    <ClInclude Include="libiconv-1.16\lib\canonical_aix.h">
      <Filter>libiconv-1.16\lib</Filter>
    </ClInclude>
    <ClInclude Include="libiconv-1.16\lib\canonical_aix_sysaix.h">
      <Filter>libiconv-1.16\lib</Filter>
    </ClInclude>
    <ClInclude Include="libiconv-1.16\lib\canonical_dos.h">
      <Filter>libiconv-1.16\lib</Filter>
    </ClInclude>
    <ClInclude Include="libiconv-1.16\lib\canonical_extra.h">
      <Filter>libiconv-1.16\lib</Filter>
    </ClInclude>
    <ClInclude Include="libiconv-1.16\lib\canonical_local.h">
      <Filter>libiconv-1.16\lib</Filter>
    </ClInclude>
    <ClInclude Include="libiconv-1.16\lib\canonical_local_sysaix.h">
      <Filter>libiconv-1.16\lib</Filter>
    </ClInclude>
    <ClInclude Include="libiconv-1.16\lib\canonical_local_syshpux.h">
      <Filter>libiconv-1.16\lib</Filter>
    </ClInclude>
    <ClInclude Include="libiconv-1.16\lib\canonical_local_sysosf1.h">
      <Filter>libiconv-1.16\lib</Filter>
    </ClInclude>
    <ClInclude Include="libiconv-1.16\lib\canonical_local_syssolaris.h">
      <Filter>libiconv-1.16\lib</Filter>
    </ClInclude>
    <ClInclude Include="libiconv-1.16\lib\canonical_osf1.h">
      <Filter>libiconv-1.16\lib</Filter>
    </ClInclude>
    <ClInclude Include="libiconv-1.16\lib\canonical_osf1_sysosf1.h">
      <Filter>libiconv-1.16\lib</Filter>
    </ClInclude>
    <ClInclude Include="libiconv-1.16\lib\canonical_sysaix.h">
      <Filter>libiconv-1.16\lib</Filter>
    </ClInclude>
    <ClInclude Include="libiconv-1.16\lib\canonical_syshpux.h">
      <Filter>libiconv-1.16\lib</Filter>
    </ClInclude>
    <ClInclude Include="libiconv-1.16\lib\canonical_sysosf1.h">
      <Filter>libiconv-1.16\lib</Filter>
    </ClInclude>
    <ClInclude Include="libiconv-1.16\lib\canonical_syssolaris.h">
      <Filter>libiconv-1.16\lib</Filter>
    </ClInclude>
    <ClInclude Include="libiconv-1.16\lib\ces_big5.h">
      <Filter>libiconv-1.16\lib</Filter>
    </ClInclude>
    <ClInclude Include="libiconv-1.16\lib\ces_gbk.h">
      <Filter>libiconv-1.16\lib</Filter>
    </ClInclude>
    <ClInclude Include="libiconv-1.16\lib\cjk_variants.h">
      <Filter>libiconv-1.16\lib</Filter>
    </ClInclude>
    <ClInclude Include="libiconv-1.16\lib\cns11643.h">
      <Filter>libiconv-1.16\lib</Filter>
    </ClInclude>
    <ClInclude Include="libiconv-1.16\lib\cns11643_1.h">
      <Filter>libiconv-1.16\lib</Filter>
    </ClInclude>
    <ClInclude Include="libiconv-1.16\lib\cns11643_2.h">
      <Filter>libiconv-1.16\lib</Filter>
    </ClInclude>
    <ClInclude Include="libiconv-1.16\lib\cns11643_3.h">
      <Filter>libiconv-1.16\lib</Filter>
    </ClInclude>
    <ClInclude Include="libiconv-1.16\lib\cns11643_4.h">
      <Filter>libiconv-1.16\lib</Filter>
    </ClInclude>
    <ClInclude Include="libiconv-1.16\lib\cns11643_4a.h">
      <Filter>libiconv-1.16\lib</Filter>
    </ClInclude>
    <ClInclude Include="libiconv-1.16\lib\cns11643_4b.h">
      <Filter>libiconv-1.16\lib</Filter>
    </ClInclude>
    <ClInclude Include="libiconv-1.16\lib\cns11643_5.h">
      <Filter>libiconv-1.16\lib</Filter>
    </ClInclude>
    <ClInclude Include="libiconv-1.16\lib\cns11643_6.h">
      <Filter>libiconv-1.16\lib</Filter>
    </ClInclude>
    <ClInclude Include="libiconv-1.16\lib\cns11643_7.h">
      <Filter>libiconv-1.16\lib</Filter>
    </ClInclude>
    <ClInclude Include="libiconv-1.16\lib\cns11643_15.h">
      <Filter>libiconv-1.16\lib</Filter>
    </ClInclude>
    <ClInclude Include="libiconv-1.16\lib\cns11643_inv.h">
      <Filter>libiconv-1.16\lib</Filter>
    </ClInclude>
    <ClInclude Include="libiconv-1.16\lib\config.h">
      <Filter>libiconv-1.16\lib</Filter>
    </ClInclude>
    <ClInclude Include="libiconv-1.16\lib\converters.h">
      <Filter>libiconv-1.16\lib</Filter>
    </ClInclude>
    <ClInclude Include="libiconv-1.16\lib\cp437.h">
      <Filter>libiconv-1.16\lib</Filter>
    </ClInclude>
    <ClInclude Include="libiconv-1.16\lib\cp737.h">
      <Filter>libiconv-1.16\lib</Filter>
    </ClInclude>
    <ClInclude Include="libiconv-1.16\lib\cp775.h">
      <Filter>libiconv-1.16\lib</Filter>
    </ClInclude>
    <ClInclude Include="libiconv-1.16\lib\cp850.h">
      <Filter>libiconv-1.16\lib</Filter>
    </ClInclude>
    <ClInclude Include="libiconv-1.16\lib\cp852.h">
      <Filter>libiconv-1.16\lib</Filter>
    </ClInclude>
    <ClInclude Include="libiconv-1.16\lib\cp853.h">
      <Filter>libiconv-1.16\lib</Filter>
    </ClInclude>
    <ClInclude Include="libiconv-1.16\lib\cp855.h">
      <Filter>libiconv-1.16\lib</Filter>
    </ClInclude>
    <ClInclude Include="libiconv-1.16\lib\cp856.h">
      <Filter>libiconv-1.16\lib</Filter>
    </ClInclude>
    <ClInclude Include="libiconv-1.16\lib\cp857.h">
      <Filter>libiconv-1.16\lib</Filter>
    </ClInclude>
    <ClInclude Include="libiconv-1.16\lib\cp858.h">
      <Filter>libiconv-1.16\lib</Filter>
    </ClInclude>
    <ClInclude Include="libiconv-1.16\lib\cp860.h">
      <Filter>libiconv-1.16\lib</Filter>
    </ClInclude>
    <ClInclude Include="libiconv-1.16\lib\cp861.h">
      <Filter>libiconv-1.16\lib</Filter>
    </ClInclude>
    <ClInclude Include="libiconv-1.16\lib\cp862.h">
      <Filter>libiconv-1.16\lib</Filter>
    </ClInclude>
    <ClInclude Include="libiconv-1.16\lib\cp863.h">
      <Filter>libiconv-1.16\lib</Filter>
    </ClInclude>
    <ClInclude Include="libiconv-1.16\lib\cp864.h">
      <Filter>libiconv-1.16\lib</Filter>
    </ClInclude>
    <ClInclude Include="libiconv-1.16\lib\cp865.h">
      <Filter>libiconv-1.16\lib</Filter>
    </ClInclude>
    <ClInclude Include="libiconv-1.16\lib\cp866.h">
      <Filter>libiconv-1.16\lib</Filter>
    </ClInclude>
    <ClInclude Include="libiconv-1.16\lib\cp869.h">
      <Filter>libiconv-1.16\lib</Filter>
    </ClInclude>
    <ClInclude Include="libiconv-1.16\lib\cp874.h">
      <Filter>libiconv-1.16\lib</Filter>
    </ClInclude>
    <ClInclude Include="libiconv-1.16\lib\cp922.h">
      <Filter>libiconv-1.16\lib</Filter>
    </ClInclude>
    <ClInclude Include="libiconv-1.16\lib\cp932.h">
      <Filter>libiconv-1.16\lib</Filter>
    </ClInclude>
    <ClInclude Include="libiconv-1.16\lib\cp932ext.h">
      <Filter>libiconv-1.16\lib</Filter>
    </ClInclude>
    <ClInclude Include="libiconv-1.16\lib\cp936.h">
      <Filter>libiconv-1.16\lib</Filter>
    </ClInclude>
    <ClInclude Include="libiconv-1.16\lib\cp936ext.h">
      <Filter>libiconv-1.16\lib</Filter>
    </ClInclude>
    <ClInclude Include="libiconv-1.16\lib\cp943.h">
      <Filter>libiconv-1.16\lib</Filter>
    </ClInclude>
    <ClInclude Include="libiconv-1.16\lib\cp949.h">
      <Filter>libiconv-1.16\lib</Filter>
    </ClInclude>
    <ClInclude Include="libiconv-1.16\lib\cp950.h">
      <Filter>libiconv-1.16\lib</Filter>
    </ClInclude>
    <ClInclude Include="libiconv-1.16\lib\cp950ext.h">
      <Filter>libiconv-1.16\lib</Filter>
    </ClInclude>
    <ClInclude Include="libiconv-1.16\lib\cp1046.h">
      <Filter>libiconv-1.16\lib</Filter>
    </ClInclude>
    <ClInclude Include="libiconv-1.16\lib\cp1124.h">
      <Filter>libiconv-1.16\lib</Filter>
    </ClInclude>
    <ClInclude Include="libiconv-1.16\lib\cp1125.h">
      <Filter>libiconv-1.16\lib</Filter>
    </ClInclude>
    <ClInclude Include="libiconv-1.16\lib\cp1129.h">
      <Filter>libiconv-1.16\lib</Filter>
    </ClInclude>
    <ClInclude Include="libiconv-1.16\lib\cp1131.h">
      <Filter>libiconv-1.16\lib</Filter>
    </ClInclude>
    <ClInclude Include="libiconv-1.16\lib\cp1133.h">
      <Filter>libiconv-1.16\lib</Filter>
    </ClInclude>
    <ClInclude Include="libiconv-1.16\lib\cp1161.h">
      <Filter>libiconv-1.16\lib</Filter>
    </ClInclude>
    <ClInclude Include="libiconv-1.16\lib\cp1162.h">
      <Filter>libiconv-1.16\lib</Filter>
    </ClInclude>
    <ClInclude Include="libiconv-1.16\lib\cp1163.h">
      <Filter>libiconv-1.16\lib</Filter>
    </ClInclude>
    <ClInclude Include="libiconv-1.16\lib\cp1250.h">
      <Filter>libiconv-1.16\lib</Filter>
    </ClInclude>
    <ClInclude Include="libiconv-1.16\lib\cp1251.h">
      <Filter>libiconv-1.16\lib</Filter>
    </ClInclude>
    <ClInclude Include="libiconv-1.16\lib\cp1252.h">
      <Filter>libiconv-1.16\lib</Filter>
    </ClInclude>
    <ClInclude Include="libiconv-1.16\lib\cp1253.h">
      <Filter>libiconv-1.16\lib</Filter>
    </ClInclude>
    <ClInclude Include="libiconv-1.16\lib\cp1254.h">
      <Filter>libiconv-1.16\lib</Filter>
    </ClInclude>
    <ClInclude Include="libiconv-1.16\lib\cp1255.h">
      <Filter>libiconv-1.16\lib</Filter>
    </ClInclude>
    <ClInclude Include="libiconv-1.16\lib\cp1256.h">
      <Filter>libiconv-1.16\lib</Filter>
    </ClInclude>
    <ClInclude Include="libiconv-1.16\lib\cp1257.h">
      <Filter>libiconv-1.16\lib</Filter>
    </ClInclude>
    <ClInclude Include="libiconv-1.16\lib\cp1258.h">
      <Filter>libiconv-1.16\lib</Filter>
    </ClInclude>
    <ClInclude Include="libiconv-1.16\lib\cp50221_0208_ext.h">
      <Filter>libiconv-1.16\lib</Filter>
    </ClInclude>
    <ClInclude Include="libiconv-1.16\lib\cp50221_0212_ext.h">
      <Filter>libiconv-1.16\lib</Filter>
    </ClInclude>
    <ClInclude Include="libiconv-1.16\lib\dec_hanyu.h">
      <Filter>libiconv-1.16\lib</Filter>
    </ClInclude>
    <ClInclude Include="libiconv-1.16\lib\dec_kanji.h">
      <Filter>libiconv-1.16\lib</Filter>
    </ClInclude>
    <ClInclude Include="libiconv-1.16\lib\euc_cn.h">
      <Filter>libiconv-1.16\lib</Filter>
    </ClInclude>
    <ClInclude Include="libiconv-1.16\lib\euc_jisx0213.h">
      <Filter>libiconv-1.16\lib</Filter>
    </ClInclude>
    <ClInclude Include="libiconv-1.16\lib\euc_jp.h">
      <Filter>libiconv-1.16\lib</Filter>
    </ClInclude>
    <ClInclude Include="libiconv-1.16\lib\euc_kr.h">
      <Filter>libiconv-1.16\lib</Filter>
    </ClInclude>
    <ClInclude Include="libiconv-1.16\lib\euc_tw.h">
      <Filter>libiconv-1.16\lib</Filter>
    </ClInclude>
    <ClInclude Include="libiconv-1.16\lib\flags.h">
      <Filter>libiconv-1.16\lib</Filter>
    </ClInclude>
    <ClInclude Include="libiconv-1.16\lib\flushwc.h">
      <Filter>libiconv-1.16\lib</Filter>
    </ClInclude>
    <ClInclude Include="libiconv-1.16\lib\gb2312.h">
      <Filter>libiconv-1.16\lib</Filter>
    </ClInclude>
    <ClInclude Include="libiconv-1.16\lib\gb12345.h">
      <Filter>libiconv-1.16\lib</Filter>
    </ClInclude>
    <ClInclude Include="libiconv-1.16\lib\gb12345ext.h">
      <Filter>libiconv-1.16\lib</Filter>
    </ClInclude>
    <ClInclude Include="libiconv-1.16\lib\gb18030.h">
      <Filter>libiconv-1.16\lib</Filter>
    </ClInclude>
    <ClInclude Include="libiconv-1.16\lib\gb18030ext.h">
      <Filter>libiconv-1.16\lib</Filter>
    </ClInclude>
    <ClInclude Include="libiconv-1.16\lib\gb18030uni.h">
      <Filter>libiconv-1.16\lib</Filter>
    </ClInclude>
    <ClInclude Include="libiconv-1.16\lib\gbk.h">
      <Filter>libiconv-1.16\lib</Filter>
    </ClInclude>
    <ClInclude Include="libiconv-1.16\lib\gbkext_inv.h">
      <Filter>libiconv-1.16\lib</Filter>
    </ClInclude>
    <ClInclude Include="libiconv-1.16\lib\gbkext1.h">
      <Filter>libiconv-1.16\lib</Filter>
    </ClInclude>
    <ClInclude Include="libiconv-1.16\lib\gbkext2.h">
      <Filter>libiconv-1.16\lib</Filter>
    </ClInclude>
    <ClInclude Include="libiconv-1.16\lib\georgian_academy.h">
      <Filter>libiconv-1.16\lib</Filter>
    </ClInclude>
    <ClInclude Include="libiconv-1.16\lib\georgian_ps.h">
      <Filter>libiconv-1.16\lib</Filter>
    </ClInclude>
    <ClInclude Include="libiconv-1.16\lib\hkscs1999.h">
      <Filter>libiconv-1.16\lib</Filter>
    </ClInclude>
    <ClInclude Include="libiconv-1.16\lib\hkscs2001.h">
      <Filter>libiconv-1.16\lib</Filter>
    </ClInclude>
    <ClInclude Include="libiconv-1.16\lib\hkscs2004.h">
      <Filter>libiconv-1.16\lib</Filter>
    </ClInclude>
    <ClInclude Include="libiconv-1.16\lib\hkscs2008.h">
      <Filter>libiconv-1.16\lib</Filter>
    </ClInclude>
    <ClInclude Include="libiconv-1.16\lib\hp_roman8.h">
      <Filter>libiconv-1.16\lib</Filter>
    </ClInclude>
    <ClInclude Include="libiconv-1.16\lib\hz.h">
      <Filter>libiconv-1.16\lib</Filter>
    </ClInclude>
    <ClInclude Include="libiconv-1.16\lib\iconv_open1.h">
      <Filter>libiconv-1.16\lib</Filter>
    </ClInclude>
    <ClInclude Include="libiconv-1.16\lib\iconv_open2.h">
      <Filter>libiconv-1.16\lib</Filter>
    </ClInclude>
    <ClInclude Include="libiconv-1.16\lib\iso646_cn.h">
      <Filter>libiconv-1.16\lib</Filter>
    </ClInclude>
    <ClInclude Include="libiconv-1.16\lib\iso646_jp.h">
      <Filter>libiconv-1.16\lib</Filter>
    </ClInclude>
    <ClInclude Include="libiconv-1.16\lib\iso2022_cn.h">
      <Filter>libiconv-1.16\lib</Filter>
    </ClInclude>
    <ClInclude Include="libiconv-1.16\lib\iso2022_cnext.h">
      <Filter>libiconv-1.16\lib</Filter>
    </ClInclude>
    <ClInclude Include="libiconv-1.16\lib\iso2022_jp.h">
      <Filter>libiconv-1.16\lib</Filter>
    </ClInclude>
    <ClInclude Include="libiconv-1.16\lib\iso2022_jp1.h">
      <Filter>libiconv-1.16\lib</Filter>
    </ClInclude>
    <ClInclude Include="libiconv-1.16\lib\iso2022_jp2.h">
      <Filter>libiconv-1.16\lib</Filter>
    </ClInclude>
    <ClInclude Include="libiconv-1.16\lib\iso2022_jp3.h">
      <Filter>libiconv-1.16\lib</Filter>
    </ClInclude>
    <ClInclude Include="libiconv-1.16\lib\iso2022_jpms.h">
      <Filter>libiconv-1.16\lib</Filter>
    </ClInclude>
    <ClInclude Include="libiconv-1.16\lib\iso2022_kr.h">
      <Filter>libiconv-1.16\lib</Filter>
    </ClInclude>
    <ClInclude Include="libiconv-1.16\lib\iso8859_1.h">
      <Filter>libiconv-1.16\lib</Filter>
    </ClInclude>
    <ClInclude Include="libiconv-1.16\lib\iso8859_2.h">
      <Filter>libiconv-1.16\lib</Filter>
    </ClInclude>
    <ClInclude Include="libiconv-1.16\lib\iso8859_3.h">
      <Filter>libiconv-1.16\lib</Filter>
    </ClInclude>
    <ClInclude Include="libiconv-1.16\lib\iso8859_4.h">
      <Filter>libiconv-1.16\lib</Filter>
    </ClInclude>
    <ClInclude Include="libiconv-1.16\lib\iso8859_5.h">
      <Filter>libiconv-1.16\lib</Filter>
    </ClInclude>
    <ClInclude Include="libiconv-1.16\lib\iso8859_6.h">
      <Filter>libiconv-1.16\lib</Filter>
    </ClInclude>
    <ClInclude Include="libiconv-1.16\lib\iso8859_7.h">
      <Filter>libiconv-1.16\lib</Filter>
    </ClInclude>
    <ClInclude Include="libiconv-1.16\lib\iso8859_8.h">
      <Filter>libiconv-1.16\lib</Filter>
    </ClInclude>
    <ClInclude Include="libiconv-1.16\lib\iso8859_9.h">
      <Filter>libiconv-1.16\lib</Filter>
    </ClInclude>
    <ClInclude Include="libiconv-1.16\lib\iso8859_10.h">
      <Filter>libiconv-1.16\lib</Filter>
    </ClInclude>
    <ClInclude Include="libiconv-1.16\lib\iso8859_11.h">
      <Filter>libiconv-1.16\lib</Filter>
    </ClInclude>
    <ClInclude Include="libiconv-1.16\lib\iso8859_13.h">
      <Filter>libiconv-1.16\lib</Filter>
    </ClInclude>
    <ClInclude Include="libiconv-1.16\lib\iso8859_14.h">
      <Filter>libiconv-1.16\lib</Filter>
    </ClInclude>
    <ClInclude Include="libiconv-1.16\lib\iso8859_15.h">
      <Filter>libiconv-1.16\lib</Filter>
    </ClInclude>
    <ClInclude Include="libiconv-1.16\lib\iso8859_16.h">
      <Filter>libiconv-1.16\lib</Filter>
    </ClInclude>
    <ClInclude Include="libiconv-1.16\lib\isoir165.h">
      <Filter>libiconv-1.16\lib</Filter>
    </ClInclude>
    <ClInclude Include="libiconv-1.16\lib\isoir165ext.h">
      <Filter>libiconv-1.16\lib</Filter>
    </ClInclude>
    <ClInclude Include="libiconv-1.16\lib\java.h">
      <Filter>libiconv-1.16\lib</Filter>
    </ClInclude>
    <ClInclude Include="libiconv-1.16\lib\jisx0201.h">
      <Filter>libiconv-1.16\lib</Filter>
    </ClInclude>
    <ClInclude Include="libiconv-1.16\lib\jisx0208.h">
      <Filter>libiconv-1.16\lib</Filter>
    </ClInclude>
    <ClInclude Include="libiconv-1.16\lib\jisx0212.h">
      <Filter>libiconv-1.16\lib</Filter>
    </ClInclude>
    <ClInclude Include="libiconv-1.16\lib\jisx0213.h">
      <Filter>libiconv-1.16\lib</Filter>
    </ClInclude>
    <ClInclude Include="libiconv-1.16\lib\johab.h">
      <Filter>libiconv-1.16\lib</Filter>
    </ClInclude>
    <ClInclude Include="libiconv-1.16\lib\johab_hangul.h">
      <Filter>libiconv-1.16\lib</Filter>
    </ClInclude>
    <ClInclude Include="libiconv-1.16\lib\koi8_r.h">
      <Filter>libiconv-1.16\lib</Filter>
    </ClInclude>
    <ClInclude Include="libiconv-1.16\lib\koi8_ru.h">
      <Filter>libiconv-1.16\lib</Filter>
    </ClInclude>
    <ClInclude Include="libiconv-1.16\lib\koi8_t.h">
      <Filter>libiconv-1.16\lib</Filter>
    </ClInclude>
    <ClInclude Include="libiconv-1.16\lib\koi8_u.h">
      <Filter>libiconv-1.16\lib</Filter>
    </ClInclude>
    <ClInclude Include="libiconv-1.16\lib\ksc5601.h">
      <Filter>libiconv-1.16\lib</Filter>
    </ClInclude>
    <ClInclude Include="libiconv-1.16\lib\loop_unicode.h">
      <Filter>libiconv-1.16\lib</Filter>
    </ClInclude>
    <ClInclude Include="libiconv-1.16\lib\loop_wchar.h">
      <Filter>libiconv-1.16\lib</Filter>
    </ClInclude>
    <ClInclude Include="libiconv-1.16\lib\loops.h">
      <Filter>libiconv-1.16\lib</Filter>
    </ClInclude>
    <ClInclude Include="libiconv-1.16\lib\mac_arabic.h">
      <Filter>libiconv-1.16\lib</Filter>
    </ClInclude>
    <ClInclude Include="libiconv-1.16\lib\mac_centraleurope.h">
      <Filter>libiconv-1.16\lib</Filter>
    </ClInclude>
    <ClInclude Include="libiconv-1.16\lib\mac_croatian.h">
      <Filter>libiconv-1.16\lib</Filter>
    </ClInclude>
    <ClInclude Include="libiconv-1.16\lib\mac_cyrillic.h">
      <Filter>libiconv-1.16\lib</Filter>
    </ClInclude>
    <ClInclude Include="libiconv-1.16\lib\mac_greek.h">
      <Filter>libiconv-1.16\lib</Filter>
    </ClInclude>
    <ClInclude Include="libiconv-1.16\lib\mac_hebrew.h">
      <Filter>libiconv-1.16\lib</Filter>
    </ClInclude>
    <ClInclude Include="libiconv-1.16\lib\mac_iceland.h">
      <Filter>libiconv-1.16\lib</Filter>
    </ClInclude>
    <ClInclude Include="libiconv-1.16\lib\mac_roman.h">
      <Filter>libiconv-1.16\lib</Filter>
    </ClInclude>
    <ClInclude Include="libiconv-1.16\lib\mac_romania.h">
      <Filter>libiconv-1.16\lib</Filter>
    </ClInclude>
    <ClInclude Include="libiconv-1.16\lib\mac_thai.h">
      <Filter>libiconv-1.16\lib</Filter>
    </ClInclude>
    <ClInclude Include="libiconv-1.16\lib\mac_turkish.h">
      <Filter>libiconv-1.16\lib</Filter>
    </ClInclude>
    <ClInclude Include="libiconv-1.16\lib\mac_ukraine.h">
      <Filter>libiconv-1.16\lib</Filter>
    </ClInclude>
    <ClInclude Include="libiconv-1.16\lib\mulelao.h">
      <Filter>libiconv-1.16\lib</Filter>
    </ClInclude>
    <ClInclude Include="libiconv-1.16\lib\nextstep.h">
      <Filter>libiconv-1.16\lib</Filter>
    </ClInclude>
    <ClInclude Include="libiconv-1.16\lib\pt154.h">
      <Filter>libiconv-1.16\lib</Filter>
    </ClInclude>
    <ClInclude Include="libiconv-1.16\lib\relocatable.h">
      <Filter>libiconv-1.16\lib</Filter>
    </ClInclude>
    <ClInclude Include="libiconv-1.16\lib\riscos1.h">
      <Filter>libiconv-1.16\lib</Filter>
    </ClInclude>
    <ClInclude Include="libiconv-1.16\lib\rk1048.h">
      <Filter>libiconv-1.16\lib</Filter>
    </ClInclude>
    <ClInclude Include="libiconv-1.16\libcharset\include\localcharset.h">
      <Filter>libiconv-1.16\libcharset\include</Filter>
    </ClInclude>
    <ClInclude Include="libiconv-1.16\libcharset\include\libcharset.h">
      <Filter>libiconv-1.16\libcharset\include</Filter>
    </ClInclude>
    <ClInclude Include="libiconv-1.16\include\iconv.h">
      <Filter>libiconv-1.16\include</Filter>
    </ClInclude>
  </ItemGroup>
  <ItemGroup>
    <ResourceCompile Include="res\libiconv.rc">
      <Filter>res</Filter>
    </ResourceCompile>
  </ItemGroup>
</Project>